// !$*UTF8*$!
{
	archiveVersion = 1;
	classes = {
	};
	objectVersion = 46;
	objects = {

/* Begin PBXBuildFile section */
		BCB831571D13A513000E7BE2 /* AppDelegate.swift in Sources */ = {isa = PBXBuildFile; fileRef = BCB831561D13A513000E7BE2 /* AppDelegate.swift */; };
		BCB8315C1D13A513000E7BE2 /* Main.storyboard in Resources */ = {isa = PBXBuildFile; fileRef = BCB8315A1D13A513000E7BE2 /* Main.storyboard */; };
		BCB831611D13A513000E7BE2 /* LaunchScreen.storyboard in Resources */ = {isa = PBXBuildFile; fileRef = BCB8315F1D13A513000E7BE2 /* LaunchScreen.storyboard */; };
		BCB831691D13A82D000E7BE2 /* Assets.xcassets in Resources */ = {isa = PBXBuildFile; fileRef = BCB831681D13A82D000E7BE2 /* Assets.xcassets */; };
		BCB8316C1D1482AC000E7BE2 /* MemeTimeViewController.swift in Sources */ = {isa = PBXBuildFile; fileRef = BCB831581D13A513000E7BE2 /* MemeTimeViewController.swift */; };
/* End PBXBuildFile section */

/* Begin PBXFileReference section */
		BCB831531D13A512000E7BE2 /* MemeTime.app */ = {isa = PBXFileReference; explicitFileType = wrapper.application; includeInIndex = 0; path = MemeTime.app; sourceTree = BUILT_PRODUCTS_DIR; };
		BCB831561D13A513000E7BE2 /* AppDelegate.swift */ = {isa = PBXFileReference; lastKnownFileType = sourcecode.swift; path = AppDelegate.swift; sourceTree = "<group>"; };
		BCB831581D13A513000E7BE2 /* MemeTimeViewController.swift */ = {isa = PBXFileReference; lastKnownFileType = sourcecode.swift; path = MemeTimeViewController.swift; sourceTree = "<group>"; };
		BCB8315B1D13A513000E7BE2 /* Base */ = {isa = PBXFileReference; lastKnownFileType = file.storyboard; name = Base; path = Base.lproj/Main.storyboard; sourceTree = "<group>"; };
		BCB831601D13A513000E7BE2 /* Base */ = {isa = PBXFileReference; lastKnownFileType = file.storyboard; name = Base; path = Base.lproj/LaunchScreen.storyboard; sourceTree = "<group>"; };
		BCB831621D13A513000E7BE2 /* Info.plist */ = {isa = PBXFileReference; lastKnownFileType = text.plist.xml; path = Info.plist; sourceTree = "<group>"; };
		BCB831681D13A82D000E7BE2 /* Assets.xcassets */ = {isa = PBXFileReference; lastKnownFileType = folder.assetcatalog; path = Assets.xcassets; sourceTree = "<group>"; };
/* End PBXFileReference section */

/* Begin PBXFrameworksBuildPhase section */
		BCB831501D13A512000E7BE2 /* Frameworks */ = {
			isa = PBXFrameworksBuildPhase;
			buildActionMask = 2147483647;
			files = (
			);
			runOnlyForDeploymentPostprocessing = 0;
		};
/* End PBXFrameworksBuildPhase section */

/* Begin PBXGroup section */
		BCB8314A1D13A512000E7BE2 = {
			isa = PBXGroup;
			children = (
				BCB831551D13A512000E7BE2 /* MemeTime */,
				BCB831541D13A512000E7BE2 /* Products */,
			);
			sourceTree = "<group>";
		};
		BCB831541D13A512000E7BE2 /* Products */ = {
			isa = PBXGroup;
			children = (
				BCB831531D13A512000E7BE2 /* MemeTime.app */,
			);
			name = Products;
			sourceTree = "<group>";
		};
		BCB831551D13A512000E7BE2 /* MemeTime */ = {
			isa = PBXGroup;
			children = (
				BCB831561D13A513000E7BE2 /* AppDelegate.swift */,
				BCB831581D13A513000E7BE2 /* MemeTimeViewController.swift */,
				BCB8315A1D13A513000E7BE2 /* Main.storyboard */,
				BCB831681D13A82D000E7BE2 /* Assets.xcassets */,
				BCB8315F1D13A513000E7BE2 /* LaunchScreen.storyboard */,
				BCB831621D13A513000E7BE2 /* Info.plist */,
			);
			path = MemeTime;
			sourceTree = "<group>";
		};
/* End PBXGroup section */

/* Begin PBXNativeTarget section */
		BCB831521D13A512000E7BE2 /* MemeTime */ = {
			isa = PBXNativeTarget;
			buildConfigurationList = BCB831651D13A513000E7BE2 /* Build configuration list for PBXNativeTarget "MemeTime" */;
			buildPhases = (
				BCB8314F1D13A512000E7BE2 /* Sources */,
				BCB831501D13A512000E7BE2 /* Frameworks */,
				BCB831511D13A512000E7BE2 /* Resources */,
			);
			buildRules = (
			);
			dependencies = (
			);
			name = MemeTime;
			productName = MemeTime;
			productReference = BCB831531D13A512000E7BE2 /* MemeTime.app */;
			productType = "com.apple.product-type.application";
		};
/* End PBXNativeTarget section */

/* Begin PBXProject section */
		BCB8314B1D13A512000E7BE2 /* Project object */ = {
			isa = PBXProject;
			attributes = {
				LastSwiftUpdateCheck = 0730;
				LastUpgradeCheck = 0730;
				ORGANIZATIONNAME = "Happy Feat Media";
				TargetAttributes = {
					BCB831521D13A512000E7BE2 = {
						CreatedOnToolsVersion = 7.3.1;
						DevelopmentTeam = F9F4545RE9;
					};
				};
			};
			buildConfigurationList = BCB8314E1D13A512000E7BE2 /* Build configuration list for PBXProject "MemeTime" */;
			compatibilityVersion = "Xcode 3.2";
			developmentRegion = English;
			hasScannedForEncodings = 0;
			knownRegions = (
				en,
				Base,
			);
			mainGroup = BCB8314A1D13A512000E7BE2;
			productRefGroup = BCB831541D13A512000E7BE2 /* Products */;
			projectDirPath = "";
			projectRoot = "";
			targets = (
				BCB831521D13A512000E7BE2 /* MemeTime */,
			);
		};
/* End PBXProject section */

/* Begin PBXResourcesBuildPhase section */
		BCB831511D13A512000E7BE2 /* Resources */ = {
			isa = PBXResourcesBuildPhase;
			buildActionMask = 2147483647;
			files = (
				BCB831611D13A513000E7BE2 /* LaunchScreen.storyboard in Resources */,
				BCB831691D13A82D000E7BE2 /* Assets.xcassets in Resources */,
				BCB8315C1D13A513000E7BE2 /* Main.storyboard in Resources */,
			);
			runOnlyForDeploymentPostprocessing = 0;
		};
/* End PBXResourcesBuildPhase section */

/* Begin PBXSourcesBuildPhase section */
		BCB8314F1D13A512000E7BE2 /* Sources */ = {
			isa = PBXSourcesBuildPhase;
			buildActionMask = 2147483647;
			files = (
				BCB831571D13A513000E7BE2 /* AppDelegate.swift in Sources */,
				BCB8316C1D1482AC000E7BE2 /* MemeTimeViewController.swift in Sources */,
			);
			runOnlyForDeploymentPostprocessing = 0;
		};
/* End PBXSourcesBuildPhase section */

/* Begin PBXVariantGroup section */
		BCB8315A1D13A513000E7BE2 /* Main.storyboard */ = {
			isa = PBXVariantGroup;
			children = (
				BCB8315B1D13A513000E7BE2 /* Base */,
			);
			name = Main.storyboard;
			sourceTree = "<group>";
		};
		BCB8315F1D13A513000E7BE2 /* LaunchScreen.storyboard */ = {
			isa = PBXVariantGroup;
			children = (
				BCB831601D13A513000E7BE2 /* Base */,
			);
			name = LaunchScreen.storyboard;
			sourceTree = "<group>";
		};
/* End PBXVariantGroup section */

/* Begin XCBuildConfiguration section */
		BCB831631D13A513000E7BE2 /* Debug */ = {
			isa = XCBuildConfiguration;
			buildSettings = {
				ALWAYS_SEARCH_USER_PATHS = NO;
				CLANG_ANALYZER_NONNULL = YES;
				CLANG_CXX_LANGUAGE_STANDARD = "gnu++0x";
				CLANG_CXX_LIBRARY = "libc++";
				CLANG_ENABLE_MODULES = YES;
				CLANG_ENABLE_OBJC_ARC = YES;
				CLANG_WARN_BOOL_CONVERSION = YES;
				CLANG_WARN_CONSTANT_CONVERSION = YES;
				CLANG_WARN_DIRECT_OBJC_ISA_USAGE = YES_ERROR;
				CLANG_WARN_EMPTY_BODY = YES;
				CLANG_WARN_ENUM_CONVERSION = YES;
				CLANG_WARN_INT_CONVERSION = YES;
				CLANG_WARN_OBJC_ROOT_CLASS = YES_ERROR;
				CLANG_WARN_UNREACHABLE_CODE = YES;
				CLANG_WARN__DUPLICATE_METHOD_MATCH = YES;
				"CODE_SIGN_IDENTITY[sdk=iphoneos*]" = "iPhone Developer";
				COPY_PHASE_STRIP = NO;
				DEBUG_INFORMATION_FORMAT = dwarf;
				ENABLE_STRICT_OBJC_MSGSEND = YES;
				ENABLE_TESTABILITY = YES;
				GCC_C_LANGUAGE_STANDARD = gnu99;
				GCC_DYNAMIC_NO_PIC = NO;
				GCC_NO_COMMON_BLOCKS = YES;
				GCC_OPTIMIZATION_LEVEL = 0;
				GCC_PREPROCESSOR_DEFINITIONS = (
					"DEBUG=1",
					"$(inherited)",
				);
				GCC_WARN_64_TO_32_BIT_CONVERSION = YES;
				GCC_WARN_ABOUT_RETURN_TYPE = YES_ERROR;
				GCC_WARN_UNDECLARED_SELECTOR = YES;
				GCC_WARN_UNINITIALIZED_AUTOS = YES_AGGRESSIVE;
				GCC_WARN_UNUSED_FUNCTION = YES;
				GCC_WARN_UNUSED_VARIABLE = YES;
				IPHONEOS_DEPLOYMENT_TARGET = 9.3;
				MTL_ENABLE_DEBUG_INFO = YES;
				ONLY_ACTIVE_ARCH = YES;
				SDKROOT = iphoneos;
				SWIFT_OPTIMIZATION_LEVEL = "-Onone";
			};
			name = Debug;
		};
		BCB831641D13A513000E7BE2 /* Release */ = {
			isa = XCBuildConfiguration;
			buildSettings = {
				ALWAYS_SEARCH_USER_PATHS = NO;
				CLANG_ANALYZER_NONNULL = YES;
				CLANG_CXX_LANGUAGE_STANDARD = "gnu++0x";
				CLANG_CXX_LIBRARY = "libc++";
				CLANG_ENABLE_MODULES = YES;
				CLANG_ENABLE_OBJC_ARC = YES;
				CLANG_WARN_BOOL_CONVERSION = YES;
				CLANG_WARN_CONSTANT_CONVERSION = YES;
				CLANG_WARN_DIRECT_OBJC_ISA_USAGE = YES_ERROR;
				CLANG_WARN_EMPTY_BODY = YES;
				CLANG_WARN_ENUM_CONVERSION = YES;
				CLANG_WARN_INT_CONVERSION = YES;
				CLANG_WARN_OBJC_ROOT_CLASS = YES_ERROR;
				CLANG_WARN_UNREACHABLE_CODE = YES;
				CLANG_WARN__DUPLICATE_METHOD_MATCH = YES;
				"CODE_SIGN_IDENTITY[sdk=iphoneos*]" = "iPhone Developer";
				COPY_PHASE_STRIP = NO;
				DEBUG_INFORMATION_FORMAT = "dwarf-with-dsym";
				ENABLE_NS_ASSERTIONS = NO;
				ENABLE_STRICT_OBJC_MSGSEND = YES;
				GCC_C_LANGUAGE_STANDARD = gnu99;
				GCC_NO_COMMON_BLOCKS = YES;
				GCC_WARN_64_TO_32_BIT_CONVERSION = YES;
				GCC_WARN_ABOUT_RETURN_TYPE = YES_ERROR;
				GCC_WARN_UNDECLARED_SELECTOR = YES;
				GCC_WARN_UNINITIALIZED_AUTOS = YES_AGGRESSIVE;
				GCC_WARN_UNUSED_FUNCTION = YES;
				GCC_WARN_UNUSED_VARIABLE = YES;
				IPHONEOS_DEPLOYMENT_TARGET = 9.3;
				MTL_ENABLE_DEBUG_INFO = NO;
				SDKROOT = iphoneos;
				VALIDATE_PRODUCT = YES;
			};
			name = Release;
		};
		BCB831661D13A513000E7BE2 /* Debug */ = {
			isa = XCBuildConfiguration;
			buildSettings = {
				ASSETCATALOG_COMPILER_APPICON_NAME = AppIcon;
				CODE_SIGN_IDENTITY = "iPhone Developer";
				INFOPLIST_FILE = MemeTime/Info.plist;
				LD_RUNPATH_SEARCH_PATHS = "$(inherited) @executable_path/Frameworks";
				PRODUCT_BUNDLE_IDENTIFIER = com.happyfeatmedia.MemeTime;
				PRODUCT_NAME = "$(TARGET_NAME)";
			};
			name = Debug;
		};
		BCB831671D13A513000E7BE2 /* Release */ = {
			isa = XCBuildConfiguration;
			buildSettings = {
				ASSETCATALOG_COMPILER_APPICON_NAME = AppIcon;
				CODE_SIGN_IDENTITY = "iPhone Developer";
				INFOPLIST_FILE = MemeTime/Info.plist;
				LD_RUNPATH_SEARCH_PATHS = "$(inherited) @executable_path/Frameworks";
				PRODUCT_BUNDLE_IDENTIFIER = com.happyfeatmedia.MemeTime;
				PRODUCT_NAME = "$(TARGET_NAME)";
			};
			name = Release;
		};
/* End XCBuildConfiguration section */

/* Begin XCConfigurationList section */
		BCB8314E1D13A512000E7BE2 /* Build configuration list for PBXProject "MemeTime" */ = {
			isa = XCConfigurationList;
			buildConfigurations = (
				BCB831631D13A513000E7BE2 /* Debug */,
				BCB831641D13A513000E7BE2 /* Release */,
			);
			defaultConfigurationIsVisible = 0;
			defaultConfigurationName = Release;
		};
		BCB831651D13A513000E7BE2 /* Build configuration list for PBXNativeTarget "MemeTime" */ = {
			isa = XCConfigurationList;
			buildConfigurations = (
				BCB831661D13A513000E7BE2 /* Debug */,
				BCB831671D13A513000E7BE2 /* Release */,
			);
			defaultConfigurationIsVisible = 0;
		};
/* End XCConfigurationList section */
	};
	rootObject = BCB8314B1D13A512000E7BE2 /* Project object */;
}
